// !$*UTF8*$!
{
	archiveVersion = 1;
	classes = {
	};
	objectVersion = 46;
	objects = {

/* Begin PBXBuildFile section */
		3782EEAC1A908C6E00B3E5C3 /* AppDelegate.swift in Sources */ = {isa = PBXBuildFile; fileRef = 3782EEAB1A908C6E00B3E5C3 /* AppDelegate.swift */; };
		3782EEAE1A908C6E00B3E5C3 /* ViewController.swift in Sources */ = {isa = PBXBuildFile; fileRef = 3782EEAD1A908C6E00B3E5C3 /* ViewController.swift */; };
		3782EEB11A908C6E00B3E5C3 /* Main.storyboard in Resources */ = {isa = PBXBuildFile; fileRef = 3782EEAF1A908C6E00B3E5C3 /* Main.storyboard */; };
		3782EEB31A908C6E00B3E5C3 /* Images.xcassets in Resources */ = {isa = PBXBuildFile; fileRef = 3782EEB21A908C6E00B3E5C3 /* Images.xcassets */; };
		3782EEB61A908C6E00B3E5C3 /* LaunchScreen.xib in Resources */ = {isa = PBXBuildFile; fileRef = 3782EEB41A908C6E00B3E5C3 /* LaunchScreen.xib */; };
		3782EEC21A908C6E00B3E5C3 /* HelloSwiftTests.swift in Sources */ = {isa = PBXBuildFile; fileRef = 3782EEC11A908C6E00B3E5C3 /* HelloSwiftTests.swift */; };
/* End PBXBuildFile section */

/* Begin PBXContainerItemProxy section */
		3782EEBC1A908C6E00B3E5C3 /* PBXContainerItemProxy */ = {
			isa = PBXContainerItemProxy;
			containerPortal = 3782EE9E1A908C6E00B3E5C3 /* Project object */;
			proxyType = 1;
			remoteGlobalIDString = 3782EEA51A908C6E00B3E5C3;
			remoteInfo = HelloSwift;
		};
/* End PBXContainerItemProxy section */

/* Begin PBXFileReference section */
		3782EEA61A908C6E00B3E5C3 /* HelloSwift.app */ = {isa = PBXFileReference; explicitFileType = wrapper.application; includeInIndex = 0; path = HelloSwift.app; sourceTree = BUILT_PRODUCTS_DIR; };
		3782EEAA1A908C6E00B3E5C3 /* Info.plist */ = {isa = PBXFileReference; lastKnownFileType = text.plist.xml; path = Info.plist; sourceTree = "<group>"; };
		3782EEAB1A908C6E00B3E5C3 /* AppDelegate.swift */ = {isa = PBXFileReference; lastKnownFileType = sourcecode.swift; path = AppDelegate.swift; sourceTree = "<group>"; };
		3782EEAD1A908C6E00B3E5C3 /* ViewController.swift */ = {isa = PBXFileReference; lastKnownFileType = sourcecode.swift; path = ViewController.swift; sourceTree = "<group>"; };
		3782EEB01A908C6E00B3E5C3 /* Base */ = {isa = PBXFileReference; lastKnownFileType = file.storyboard; name = Base; path = Base.lproj/Main.storyboard; sourceTree = "<group>"; };
		3782EEB21A908C6E00B3E5C3 /* Images.xcassets */ = {isa = PBXFileReference; lastKnownFileType = folder.assetcatalog; path = Images.xcassets; sourceTree = "<group>"; };
		3782EEB51A908C6E00B3E5C3 /* Base */ = {isa = PBXFileReference; lastKnownFileType = file.xib; name = Base; path = Base.lproj/LaunchScreen.xib; sourceTree = "<group>"; };
		3782EEBB1A908C6E00B3E5C3 /* HelloSwiftTests.xctest */ = {isa = PBXFileReference; explicitFileType = wrapper.cfbundle; includeInIndex = 0; path = HelloSwiftTests.xctest; sourceTree = BUILT_PRODUCTS_DIR; };
		3782EEC01A908C6E00B3E5C3 /* Info.plist */ = {isa = PBXFileReference; lastKnownFileType = text.plist.xml; path = Info.plist; sourceTree = "<group>"; };
		3782EEC11A908C6E00B3E5C3 /* HelloSwiftTests.swift */ = {isa = PBXFileReference; lastKnownFileType = sourcecode.swift; path = HelloSwiftTests.swift; sourceTree = "<group>"; };
/* End PBXFileReference section */

/* Begin PBXFrameworksBuildPhase section */
		3782EEA31A908C6E00B3E5C3 /* Frameworks */ = {
			isa = PBXFrameworksBuildPhase;
			buildActionMask = 2147483647;
			files = (
			);
			runOnlyForDeploymentPostprocessing = 0;
		};
		3782EEB81A908C6E00B3E5C3 /* Frameworks */ = {
			isa = PBXFrameworksBuildPhase;
			buildActionMask = 2147483647;
			files = (
			);
			runOnlyForDeploymentPostprocessing = 0;
		};
/* End PBXFrameworksBuildPhase section */

/* Begin PBXGroup section */
		3782EE9D1A908C6E00B3E5C3 = {
			isa = PBXGroup;
			children = (
				3782EEA81A908C6E00B3E5C3 /* HelloSwift */,
				3782EEBE1A908C6E00B3E5C3 /* HelloSwiftTests */,
				3782EEA71A908C6E00B3E5C3 /* Products */,
			);
			sourceTree = "<group>";
		};
		3782EEA71A908C6E00B3E5C3 /* Products */ = {
			isa = PBXGroup;
			children = (
				3782EEA61A908C6E00B3E5C3 /* HelloSwift.app */,
				3782EEBB1A908C6E00B3E5C3 /* HelloSwiftTests.xctest */,
			);
			name = Products;
			sourceTree = "<group>";
		};
		3782EEA81A908C6E00B3E5C3 /* HelloSwift */ = {
			isa = PBXGroup;
			children = (
				3782EEAB1A908C6E00B3E5C3 /* AppDelegate.swift */,
				3782EEAD1A908C6E00B3E5C3 /* ViewController.swift */,
				3782EEAF1A908C6E00B3E5C3 /* Main.storyboard */,
				3782EEB21A908C6E00B3E5C3 /* Images.xcassets */,
				3782EEB41A908C6E00B3E5C3 /* LaunchScreen.xib */,
				3782EEA91A908C6E00B3E5C3 /* Supporting Files */,
			);
			path = HelloSwift;
			sourceTree = "<group>";
		};
		3782EEA91A908C6E00B3E5C3 /* Supporting Files */ = {
			isa = PBXGroup;
			children = (
				3782EEAA1A908C6E00B3E5C3 /* Info.plist */,
			);
			name = "Supporting Files";
			sourceTree = "<group>";
		};
		3782EEBE1A908C6E00B3E5C3 /* HelloSwiftTests */ = {
			isa = PBXGroup;
			children = (
				3782EEC11A908C6E00B3E5C3 /* HelloSwiftTests.swift */,
				3782EEBF1A908C6E00B3E5C3 /* Supporting Files */,
			);
			path = HelloSwiftTests;
			sourceTree = "<group>";
		};
		3782EEBF1A908C6E00B3E5C3 /* Supporting Files */ = {
			isa = PBXGroup;
			children = (
				3782EEC01A908C6E00B3E5C3 /* Info.plist */,
			);
			name = "Supporting Files";
			sourceTree = "<group>";
		};
/* End PBXGroup section */

/* Begin PBXNativeTarget section */
		3782EEA51A908C6E00B3E5C3 /* HelloSwift */ = {
			isa = PBXNativeTarget;
			buildConfigurationList = 3782EEC51A908C6E00B3E5C3 /* Build configuration list for PBXNativeTarget "HelloSwift" */;
			buildPhases = (
				3782EEA21A908C6E00B3E5C3 /* Sources */,
				3782EEA31A908C6E00B3E5C3 /* Frameworks */,
				3782EEA41A908C6E00B3E5C3 /* Resources */,
			);
			buildRules = (
			);
			dependencies = (
			);
			name = HelloSwift;
			productName = HelloSwift;
			productReference = 3782EEA61A908C6E00B3E5C3 /* HelloSwift.app */;
			productType = "com.apple.product-type.application";
		};
		3782EEBA1A908C6E00B3E5C3 /* HelloSwiftTests */ = {
			isa = PBXNativeTarget;
			buildConfigurationList = 3782EEC81A908C6E00B3E5C3 /* Build configuration list for PBXNativeTarget "HelloSwiftTests" */;
			buildPhases = (
				3782EEB71A908C6E00B3E5C3 /* Sources */,
				3782EEB81A908C6E00B3E5C3 /* Frameworks */,
				3782EEB91A908C6E00B3E5C3 /* Resources */,
			);
			buildRules = (
			);
			dependencies = (
				3782EEBD1A908C6E00B3E5C3 /* PBXTargetDependency */,
			);
			name = HelloSwiftTests;
			productName = HelloSwiftTests;
			productReference = 3782EEBB1A908C6E00B3E5C3 /* HelloSwiftTests.xctest */;
			productType = "com.apple.product-type.bundle.unit-test";
		};
/* End PBXNativeTarget section */

/* Begin PBXProject section */
		3782EE9E1A908C6E00B3E5C3 /* Project object */ = {
			isa = PBXProject;
			attributes = {
				LastUpgradeCheck = 0610;
				ORGANIZATIONNAME = "Kenta Hara";
				TargetAttributes = {
					3782EEA51A908C6E00B3E5C3 = {
						CreatedOnToolsVersion = 6.1.1;
					};
					3782EEBA1A908C6E00B3E5C3 = {
						CreatedOnToolsVersion = 6.1.1;
						TestTargetID = 3782EEA51A908C6E00B3E5C3;
					};
				};
			};
			buildConfigurationList = 3782EEA11A908C6E00B3E5C3 /* Build configuration list for PBXProject "HelloSwift" */;
			compatibilityVersion = "Xcode 3.2";
			developmentRegion = English;
			hasScannedForEncodings = 0;
			knownRegions = (
				en,
				Base,
			);
			mainGroup = 3782EE9D1A908C6E00B3E5C3;
			productRefGroup = 3782EEA71A908C6E00B3E5C3 /* Products */;
			projectDirPath = "";
			projectRoot = "";
			targets = (
				3782EEA51A908C6E00B3E5C3 /* HelloSwift */,
				3782EEBA1A908C6E00B3E5C3 /* HelloSwiftTests */,
			);
		};
/* End PBXProject section */

/* Begin PBXResourcesBuildPhase section */
		3782EEA41A908C6E00B3E5C3 /* Resources */ = {
			isa = PBXResourcesBuildPhase;
			buildActionMask = 2147483647;
			files = (
				3782EEB11A908C6E00B3E5C3 /* Main.storyboard in Resources */,
				3782EEB61A908C6E00B3E5C3 /* LaunchScreen.xib in Resources */,
				3782EEB31A908C6E00B3E5C3 /* Images.xcassets in Resources */,
			);
			runOnlyForDeploymentPostprocessing = 0;
		};
		3782EEB91A908C6E00B3E5C3 /* Resources */ = {
			isa = PBXResourcesBuildPhase;
			buildActionMask = 2147483647;
			files = (
			);
			runOnlyForDeploymentPostprocessing = 0;
		};
/* End PBXResourcesBuildPhase section */

/* Begin PBXSourcesBuildPhase section */
		3782EEA21A908C6E00B3E5C3 /* Sources */ = {
			isa = PBXSourcesBuildPhase;
			buildActionMask = 2147483647;
			files = (
				3782EEAE1A908C6E00B3E5C3 /* ViewController.swift in Sources */,
				3782EEAC1A908C6E00B3E5C3 /* AppDelegate.swift in Sources */,
			);
			runOnlyForDeploymentPostprocessing = 0;
		};
		3782EEB71A908C6E00B3E5C3 /* Sources */ = {
			isa = PBXSourcesBuildPhase;
			buildActionMask = 2147483647;
			files = (
				3782EEC21A908C6E00B3E5C3 /* HelloSwiftTests.swift in Sources */,
			);
			runOnlyForDeploymentPostprocessing = 0;
		};
/* End PBXSourcesBuildPhase section */

/* Begin PBXTargetDependency section */
		3782EEBD1A908C6E00B3E5C3 /* PBXTargetDependency */ = {
			isa = PBXTargetDependency;
			target = 3782EEA51A908C6E00B3E5C3 /* HelloSwift */;
			targetProxy = 3782EEBC1A908C6E00B3E5C3 /* PBXContainerItemProxy */;
		};
/* End PBXTargetDependency section */

/* Begin PBXVariantGroup section */
		3782EEAF1A908C6E00B3E5C3 /* Main.storyboard */ = {
			isa = PBXVariantGroup;
			children = (
				3782EEB01A908C6E00B3E5C3 /* Base */,
			);
			name = Main.storyboard;
			sourceTree = "<group>";
		};
		3782EEB41A908C6E00B3E5C3 /* LaunchScreen.xib */ = {
			isa = PBXVariantGroup;
			children = (
				3782EEB51A908C6E00B3E5C3 /* Base */,
			);
			name = LaunchScreen.xib;
			sourceTree = "<group>";
		};
/* End PBXVariantGroup section */

/* Begin XCBuildConfiguration section */
		3782EEC31A908C6E00B3E5C3 /* Debug */ = {
			isa = XCBuildConfiguration;
			buildSettings = {
				ALWAYS_SEARCH_USER_PATHS = NO;
				CLANG_CXX_LANGUAGE_STANDARD = "gnu++0x";
				CLANG_CXX_LIBRARY = "libc++";
				CLANG_ENABLE_MODULES = YES;
				CLANG_ENABLE_OBJC_ARC = YES;
				CLANG_WARN_BOOL_CONVERSION = YES;
				CLANG_WARN_CONSTANT_CONVERSION = YES;
				CLANG_WARN_DIRECT_OBJC_ISA_USAGE = YES_ERROR;
				CLANG_WARN_EMPTY_BODY = YES;
				CLANG_WARN_ENUM_CONVERSION = YES;
				CLANG_WARN_INT_CONVERSION = YES;
				CLANG_WARN_OBJC_ROOT_CLASS = YES_ERROR;
				CLANG_WARN_UNREACHABLE_CODE = YES;
				CLANG_WARN__DUPLICATE_METHOD_MATCH = YES;
				"CODE_SIGN_IDENTITY[sdk=iphoneos*]" = "iPhone Developer";
				COPY_PHASE_STRIP = NO;
				ENABLE_STRICT_OBJC_MSGSEND = YES;
				GCC_C_LANGUAGE_STANDARD = gnu99;
				GCC_DYNAMIC_NO_PIC = NO;
				GCC_OPTIMIZATION_LEVEL = 0;
				GCC_PREPROCESSOR_DEFINITIONS = (
					"DEBUG=1",
					"$(inherited)",
				);
				GCC_SYMBOLS_PRIVATE_EXTERN = NO;
				GCC_WARN_64_TO_32_BIT_CONVERSION = YES;
				GCC_WARN_ABOUT_RETURN_TYPE = YES_ERROR;
				GCC_WARN_UNDECLARED_SELECTOR = YES;
				GCC_WARN_UNINITIALIZED_AUTOS = YES_AGGRESSIVE;
				GCC_WARN_UNUSED_FUNCTION = YES;
				GCC_WARN_UNUSED_VARIABLE = YES;
				IPHONEOS_DEPLOYMENT_TARGET = 8.1;
				MTL_ENABLE_DEBUG_INFO = YES;
				ONLY_ACTIVE_ARCH = YES;
				SDKROOT = iphoneos;
				SWIFT_OPTIMIZATION_LEVEL = "-Onone";
			};
			name = Debug;
		};
		3782EEC41A908C6E00B3E5C3 /* Release */ = {
			isa = XCBuildConfiguration;
			buildSettings = {
				ALWAYS_SEARCH_USER_PATHS = NO;
				CLANG_CXX_LANGUAGE_STANDARD = "gnu++0x";
				CLANG_CXX_LIBRARY = "libc++";
				CLANG_ENABLE_MODULES = YES;
				CLANG_ENABLE_OBJC_ARC = YES;
				CLANG_WARN_BOOL_CONVERSION = YES;
				CLANG_WARN_CONSTANT_CONVERSION = YES;
				CLANG_WARN_DIRECT_OBJC_ISA_USAGE = YES_ERROR;
				CLANG_WARN_EMPTY_BODY = YES;
				CLANG_WARN_ENUM_CONVERSION = YES;
				CLANG_WARN_INT_CONVERSION = YES;
				CLANG_WARN_OBJC_ROOT_CLASS = YES_ERROR;
				CLANG_WARN_UNREACHABLE_CODE = YES;
				CLANG_WARN__DUPLICATE_METHOD_MATCH = YES;
				"CODE_SIGN_IDENTITY[sdk=iphoneos*]" = "iPhone Developer";
				COPY_PHASE_STRIP = YES;
				ENABLE_NS_ASSERTIONS = NO;
				ENABLE_STRICT_OBJC_MSGSEND = YES;
				GCC_C_LANGUAGE_STANDARD = gnu99;
				GCC_WARN_64_TO_32_BIT_CONVERSION = YES;
				GCC_WARN_ABOUT_RETURN_TYPE = YES_ERROR;
				GCC_WARN_UNDECLARED_SELECTOR = YES;
				GCC_WARN_UNINITIALIZED_AUTOS = YES_AGGRESSIVE;
				GCC_WARN_UNUSED_FUNCTION = YES;
				GCC_WARN_UNUSED_VARIABLE = YES;
				IPHONEOS_DEPLOYMENT_TARGET = 8.1;
				MTL_ENABLE_DEBUG_INFO = NO;
				SDKROOT = iphoneos;
				VALIDATE_PRODUCT = YES;
			};
			name = Release;
		};
		3782EEC61A908C6E00B3E5C3 /* Debug */ = {
			isa = XCBuildConfiguration;
			buildSettings = {
				ASSETCATALOG_COMPILER_APPICON_NAME = AppIcon;
				INFOPLIST_FILE = HelloSwift/Info.plist;
				LD_RUNPATH_SEARCH_PATHS = "$(inherited) @executable_path/Frameworks";
				PRODUCT_NAME = "$(TARGET_NAME)";
			};
			name = Debug;
		};
		3782EEC71A908C6E00B3E5C3 /* Release */ = {
			isa = XCBuildConfiguration;
			buildSettings = {
				ASSETCATALOG_COMPILER_APPICON_NAME = AppIcon;
				INFOPLIST_FILE = HelloSwift/Info.plist;
				LD_RUNPATH_SEARCH_PATHS = "$(inherited) @executable_path/Frameworks";
				PRODUCT_NAME = "$(TARGET_NAME)";
			};
			name = Release;
		};
		3782EEC91A908C6E00B3E5C3 /* Debug */ = {
			isa = XCBuildConfiguration;
			buildSettings = {
				BUNDLE_LOADER = "$(TEST_HOST)";
				FRAMEWORK_SEARCH_PATHS = (
					"$(SDKROOT)/Developer/Library/Frameworks",
					"$(inherited)",
				);
				GCC_PREPROCESSOR_DEFINITIONS = (
					"DEBUG=1",
					"$(inherited)",
				);
				INFOPLIST_FILE = HelloSwiftTests/Info.plist;
				LD_RUNPATH_SEARCH_PATHS = "$(inherited) @executable_path/Frameworks @loader_path/Frameworks";
				PRODUCT_NAME = "$(TARGET_NAME)";
				TEST_HOST = "$(BUILT_PRODUCTS_DIR)/HelloSwift.app/HelloSwift";
			};
			name = Debug;
		};
		3782EECA1A908C6E00B3E5C3 /* Release */ = {
			isa = XCBuildConfiguration;
			buildSettings = {
				BUNDLE_LOADER = "$(TEST_HOST)";
				FRAMEWORK_SEARCH_PATHS = (
					"$(SDKROOT)/Developer/Library/Frameworks",
					"$(inherited)",
				);
				INFOPLIST_FILE = HelloSwiftTests/Info.plist;
				LD_RUNPATH_SEARCH_PATHS = "$(inherited) @executable_path/Frameworks @loader_path/Frameworks";
				PRODUCT_NAME = "$(TARGET_NAME)";
				TEST_HOST = "$(BUILT_PRODUCTS_DIR)/HelloSwift.app/HelloSwift";
			};
			name = Release;
		};
/* End XCBuildConfiguration section */

/* Begin XCConfigurationList section */
		3782EEA11A908C6E00B3E5C3 /* Build configuration list for PBXProject "HelloSwift" */ = {
			isa = XCConfigurationList;
			buildConfigurations = (
				3782EEC31A908C6E00B3E5C3 /* Debug */,
				3782EEC41A908C6E00B3E5C3 /* Release */,
			);
			defaultConfigurationIsVisible = 0;
			defaultConfigurationName = Release;
		};
		3782EEC51A908C6E00B3E5C3 /* Build configuration list for PBXNativeTarget "HelloSwift" */ = {
			isa = XCConfigurationList;
			buildConfigurations = (
				3782EEC61A908C6E00B3E5C3 /* Debug */,
				3782EEC71A908C6E00B3E5C3 /* Release */,
			);
			defaultConfigurationIsVisible = 0;
		};
		3782EEC81A908C6E00B3E5C3 /* Build configuration list for PBXNativeTarget "HelloSwiftTests" */ = {
			isa = XCConfigurationList;
			buildConfigurations = (
				3782EEC91A908C6E00B3E5C3 /* Debug */,
				3782EECA1A908C6E00B3E5C3 /* Release */,
			);
			defaultConfigurationIsVisible = 0;
		};
/* End XCConfigurationList section */
	};
	rootObject = 3782EE9E1A908C6E00B3E5C3 /* Project object */;
}
